// !$*UTF8*$!
{
	archiveVersion = 1;
	classes = {
	};
	objectVersion = 46;
	objects = {

/* Begin PBXBuildFile section */
		BF8129A41CECFEAC00A7F4DC /* main.m in Sources */ = {isa = PBXBuildFile; fileRef = BF8129A31CECFEAC00A7F4DC /* main.m */; };
		BF8129A71CECFEAC00A7F4DC /* IAAppDelegate.m in Sources */ = {isa = PBXBuildFile; fileRef = BF8129A61CECFEAC00A7F4DC /* IAAppDelegate.m */; };
		BF8129AA1CECFEAC00A7F4DC /* IAViewController.m in Sources */ = {isa = PBXBuildFile; fileRef = BF8129A91CECFEAC00A7F4DC /* IAViewController.m */; };
		BF8129AD1CECFEAC00A7F4DC /* Main.storyboard in Resources */ = {isa = PBXBuildFile; fileRef = BF8129AB1CECFEAC00A7F4DC /* Main.storyboard */; };
		BF8129B01CECFEAC00A7F4DC /* SmartXMediaChallenge.xcdatamodeld in Sources */ = {isa = PBXBuildFile; fileRef = BF8129AE1CECFEAC00A7F4DC /* SmartXMediaChallenge.xcdatamodeld */; };
		BF8129B21CECFEAC00A7F4DC /* Assets.xcassets in Resources */ = {isa = PBXBuildFile; fileRef = BF8129B11CECFEAC00A7F4DC /* Assets.xcassets */; };
		BF8129B51CECFEAC00A7F4DC /* LaunchScreen.storyboard in Resources */ = {isa = PBXBuildFile; fileRef = BF8129B31CECFEAC00A7F4DC /* LaunchScreen.storyboard */; };
		BF8129BF1CED03B700A7F4DC /* IACategory.m in Sources */ = {isa = PBXBuildFile; fileRef = BF8129BE1CED03B700A7F4DC /* IACategory.m */; };
		BF8129C21CED03ED00A7F4DC /* IASubCategory.m in Sources */ = {isa = PBXBuildFile; fileRef = BF8129C11CED03ED00A7F4DC /* IASubCategory.m */; };
		BF8129C51CED054C00A7F4DC /* IASubSubCategory.m in Sources */ = {isa = PBXBuildFile; fileRef = BF8129C41CED054C00A7F4DC /* IASubSubCategory.m */; };
		BF8129CB1CEF4FDB00A7F4DC /* IADataManager.m in Sources */ = {isa = PBXBuildFile; fileRef = BF8129CA1CEF4FDB00A7F4DC /* IADataManager.m */; };
		BF8129CE1CEF5E8F00A7F4DC /* IACategoryData.m in Sources */ = {isa = PBXBuildFile; fileRef = BF8129CD1CEF5E8F00A7F4DC /* IACategoryData.m */; };
		BF8129D11CEF71D400A7F4DC /* IACategoryTableViewController.m in Sources */ = {isa = PBXBuildFile; fileRef = BF8129D01CEF71D400A7F4DC /* IACategoryTableViewController.m */; };
		BF8129D41CEF81B900A7F4DC /* IASubCategoryData.m in Sources */ = {isa = PBXBuildFile; fileRef = BF8129D31CEF81B900A7F4DC /* IASubCategoryData.m */; };
		BF8129D71CEF92A900A7F4DC /* IASubTableViewController.m in Sources */ = {isa = PBXBuildFile; fileRef = BF8129D61CEF92A900A7F4DC /* IASubTableViewController.m */; };
/* End PBXBuildFile section */

/* Begin PBXFileReference section */
		BF81299F1CECFEAC00A7F4DC /* SmartXMediaChallenge.app */ = {isa = PBXFileReference; explicitFileType = wrapper.application; includeInIndex = 0; path = SmartXMediaChallenge.app; sourceTree = BUILT_PRODUCTS_DIR; };
		BF8129A31CECFEAC00A7F4DC /* main.m */ = {isa = PBXFileReference; lastKnownFileType = sourcecode.c.objc; path = main.m; sourceTree = "<group>"; };
		BF8129A51CECFEAC00A7F4DC /* IAAppDelegate.h */ = {isa = PBXFileReference; lastKnownFileType = sourcecode.c.h; path = IAAppDelegate.h; sourceTree = "<group>"; };
		BF8129A61CECFEAC00A7F4DC /* IAAppDelegate.m */ = {isa = PBXFileReference; lastKnownFileType = sourcecode.c.objc; path = IAAppDelegate.m; sourceTree = "<group>"; };
		BF8129A81CECFEAC00A7F4DC /* IAViewController.h */ = {isa = PBXFileReference; lastKnownFileType = sourcecode.c.h; path = IAViewController.h; sourceTree = "<group>"; };
		BF8129A91CECFEAC00A7F4DC /* IAViewController.m */ = {isa = PBXFileReference; lastKnownFileType = sourcecode.c.objc; path = IAViewController.m; sourceTree = "<group>"; };
		BF8129AC1CECFEAC00A7F4DC /* Base */ = {isa = PBXFileReference; lastKnownFileType = file.storyboard; name = Base; path = Base.lproj/Main.storyboard; sourceTree = "<group>"; };
		BF8129AF1CECFEAC00A7F4DC /* SmartXMediaChallenge.xcdatamodel */ = {isa = PBXFileReference; lastKnownFileType = wrapper.xcdatamodel; path = SmartXMediaChallenge.xcdatamodel; sourceTree = "<group>"; };
		BF8129B11CECFEAC00A7F4DC /* Assets.xcassets */ = {isa = PBXFileReference; lastKnownFileType = folder.assetcatalog; path = Assets.xcassets; sourceTree = "<group>"; };
		BF8129B41CECFEAC00A7F4DC /* Base */ = {isa = PBXFileReference; lastKnownFileType = file.storyboard; name = Base; path = Base.lproj/LaunchScreen.storyboard; sourceTree = "<group>"; };
		BF8129B61CECFEAC00A7F4DC /* Info.plist */ = {isa = PBXFileReference; lastKnownFileType = text.plist.xml; path = Info.plist; sourceTree = "<group>"; };
		BF8129BD1CED03B700A7F4DC /* IACategory.h */ = {isa = PBXFileReference; fileEncoding = 4; lastKnownFileType = sourcecode.c.h; path = IACategory.h; sourceTree = "<group>"; };
		BF8129BE1CED03B700A7F4DC /* IACategory.m */ = {isa = PBXFileReference; fileEncoding = 4; lastKnownFileType = sourcecode.c.objc; path = IACategory.m; sourceTree = "<group>"; };
		BF8129C01CED03ED00A7F4DC /* IASubCategory.h */ = {isa = PBXFileReference; fileEncoding = 4; lastKnownFileType = sourcecode.c.h; path = IASubCategory.h; sourceTree = "<group>"; };
		BF8129C11CED03ED00A7F4DC /* IASubCategory.m */ = {isa = PBXFileReference; fileEncoding = 4; lastKnownFileType = sourcecode.c.objc; path = IASubCategory.m; sourceTree = "<group>"; };
		BF8129C31CED054C00A7F4DC /* IASubSubCategory.h */ = {isa = PBXFileReference; fileEncoding = 4; lastKnownFileType = sourcecode.c.h; path = IASubSubCategory.h; sourceTree = "<group>"; };
		BF8129C41CED054C00A7F4DC /* IASubSubCategory.m */ = {isa = PBXFileReference; fileEncoding = 4; lastKnownFileType = sourcecode.c.objc; path = IASubSubCategory.m; sourceTree = "<group>"; };
		BF8129C91CEF4FDB00A7F4DC /* IADataManager.h */ = {isa = PBXFileReference; fileEncoding = 4; lastKnownFileType = sourcecode.c.h; path = IADataManager.h; sourceTree = "<group>"; };
		BF8129CA1CEF4FDB00A7F4DC /* IADataManager.m */ = {isa = PBXFileReference; fileEncoding = 4; lastKnownFileType = sourcecode.c.objc; path = IADataManager.m; sourceTree = "<group>"; };
		BF8129CC1CEF5E8F00A7F4DC /* IACategoryData.h */ = {isa = PBXFileReference; fileEncoding = 4; lastKnownFileType = sourcecode.c.h; path = IACategoryData.h; sourceTree = "<group>"; };
		BF8129CD1CEF5E8F00A7F4DC /* IACategoryData.m */ = {isa = PBXFileReference; fileEncoding = 4; lastKnownFileType = sourcecode.c.objc; path = IACategoryData.m; sourceTree = "<group>"; };
		BF8129CF1CEF71D400A7F4DC /* IACategoryTableViewController.h */ = {isa = PBXFileReference; fileEncoding = 4; lastKnownFileType = sourcecode.c.h; path = IACategoryTableViewController.h; sourceTree = "<group>"; };
		BF8129D01CEF71D400A7F4DC /* IACategoryTableViewController.m */ = {isa = PBXFileReference; fileEncoding = 4; lastKnownFileType = sourcecode.c.objc; path = IACategoryTableViewController.m; sourceTree = "<group>"; };
		BF8129D21CEF81B900A7F4DC /* IASubCategoryData.h */ = {isa = PBXFileReference; fileEncoding = 4; lastKnownFileType = sourcecode.c.h; path = IASubCategoryData.h; sourceTree = "<group>"; };
		BF8129D31CEF81B900A7F4DC /* IASubCategoryData.m */ = {isa = PBXFileReference; fileEncoding = 4; lastKnownFileType = sourcecode.c.objc; path = IASubCategoryData.m; sourceTree = "<group>"; };
		BF8129D51CEF92A900A7F4DC /* IASubTableViewController.h */ = {isa = PBXFileReference; fileEncoding = 4; lastKnownFileType = sourcecode.c.h; path = IASubTableViewController.h; sourceTree = "<group>"; };
		BF8129D61CEF92A900A7F4DC /* IASubTableViewController.m */ = {isa = PBXFileReference; fileEncoding = 4; lastKnownFileType = sourcecode.c.objc; path = IASubTableViewController.m; sourceTree = "<group>"; };
/* End PBXFileReference section */

/* Begin PBXFrameworksBuildPhase section */
		BF81299C1CECFEAC00A7F4DC /* Frameworks */ = {
			isa = PBXFrameworksBuildPhase;
			buildActionMask = 2147483647;
			files = (
			);
			runOnlyForDeploymentPostprocessing = 0;
		};
/* End PBXFrameworksBuildPhase section */

/* Begin PBXGroup section */
		BF8129961CECFEAC00A7F4DC = {
			isa = PBXGroup;
			children = (
				BF8129A11CECFEAC00A7F4DC /* SmartXMediaChallenge */,
				BF8129A01CECFEAC00A7F4DC /* Products */,
			);
			sourceTree = "<group>";
		};
		BF8129A01CECFEAC00A7F4DC /* Products */ = {
			isa = PBXGroup;
			children = (
				BF81299F1CECFEAC00A7F4DC /* SmartXMediaChallenge.app */,
			);
			name = Products;
			sourceTree = "<group>";
		};
		BF8129A11CECFEAC00A7F4DC /* SmartXMediaChallenge */ = {
			isa = PBXGroup;
			children = (
				BF8129D51CEF92A900A7F4DC /* IASubTableViewController.h */,
				BF8129D61CEF92A900A7F4DC /* IASubTableViewController.m */,
				BF8129CF1CEF71D400A7F4DC /* IACategoryTableViewController.h */,
				BF8129D01CEF71D400A7F4DC /* IACategoryTableViewController.m */,
				BF8129BC1CED034F00A7F4DC /* Model */,
				BF8129A51CECFEAC00A7F4DC /* IAAppDelegate.h */,
				BF8129A61CECFEAC00A7F4DC /* IAAppDelegate.m */,
				BF8129A81CECFEAC00A7F4DC /* IAViewController.h */,
				BF8129A91CECFEAC00A7F4DC /* IAViewController.m */,
				BF8129AB1CECFEAC00A7F4DC /* Main.storyboard */,
				BF8129B11CECFEAC00A7F4DC /* Assets.xcassets */,
				BF8129B31CECFEAC00A7F4DC /* LaunchScreen.storyboard */,
				BF8129B61CECFEAC00A7F4DC /* Info.plist */,
				BF8129AE1CECFEAC00A7F4DC /* SmartXMediaChallenge.xcdatamodeld */,
				BF8129A21CECFEAC00A7F4DC /* Supporting Files */,
			);
			path = SmartXMediaChallenge;
			sourceTree = "<group>";
		};
		BF8129A21CECFEAC00A7F4DC /* Supporting Files */ = {
			isa = PBXGroup;
			children = (
				BF8129A31CECFEAC00A7F4DC /* main.m */,
			);
			name = "Supporting Files";
			sourceTree = "<group>";
		};
		BF8129BC1CED034F00A7F4DC /* Model */ = {
			isa = PBXGroup;
			children = (
				BF8129BD1CED03B700A7F4DC /* IACategory.h */,
				BF8129BE1CED03B700A7F4DC /* IACategory.m */,
				BF8129C01CED03ED00A7F4DC /* IASubCategory.h */,
				BF8129C11CED03ED00A7F4DC /* IASubCategory.m */,
				BF8129C31CED054C00A7F4DC /* IASubSubCategory.h */,
				BF8129C41CED054C00A7F4DC /* IASubSubCategory.m */,
				BF8129C91CEF4FDB00A7F4DC /* IADataManager.h */,
				BF8129CA1CEF4FDB00A7F4DC /* IADataManager.m */,
				BF8129CC1CEF5E8F00A7F4DC /* IACategoryData.h */,
				BF8129CD1CEF5E8F00A7F4DC /* IACategoryData.m */,
				BF8129D21CEF81B900A7F4DC /* IASubCategoryData.h */,
				BF8129D31CEF81B900A7F4DC /* IASubCategoryData.m */,
			);
			name = Model;
			sourceTree = "<group>";
		};
/* End PBXGroup section */

/* Begin PBXNativeTarget section */
		BF81299E1CECFEAC00A7F4DC /* SmartXMediaChallenge */ = {
			isa = PBXNativeTarget;
			buildConfigurationList = BF8129B91CECFEAC00A7F4DC /* Build configuration list for PBXNativeTarget "SmartXMediaChallenge" */;
			buildPhases = (
				BF81299B1CECFEAC00A7F4DC /* Sources */,
				BF81299C1CECFEAC00A7F4DC /* Frameworks */,
				BF81299D1CECFEAC00A7F4DC /* Resources */,
			);
			buildRules = (
			);
			dependencies = (
			);
			name = SmartXMediaChallenge;
			productName = SmartXMediaChallenge;
			productReference = BF81299F1CECFEAC00A7F4DC /* SmartXMediaChallenge.app */;
			productType = "com.apple.product-type.application";
		};
/* End PBXNativeTarget section */

/* Begin PBXProject section */
		BF8129971CECFEAC00A7F4DC /* Project object */ = {
			isa = PBXProject;
			attributes = {
				LastUpgradeCheck = 0720;
				ORGANIZATIONNAME = "Iliyana Antova";
				TargetAttributes = {
					BF81299E1CECFEAC00A7F4DC = {
						CreatedOnToolsVersion = 7.2;
					};
				};
			};
			buildConfigurationList = BF81299A1CECFEAC00A7F4DC /* Build configuration list for PBXProject "SmartXMediaChallenge" */;
			compatibilityVersion = "Xcode 3.2";
			developmentRegion = English;
			hasScannedForEncodings = 0;
			knownRegions = (
				en,
				Base,
			);
			mainGroup = BF8129961CECFEAC00A7F4DC;
			productRefGroup = BF8129A01CECFEAC00A7F4DC /* Products */;
			projectDirPath = "";
			projectRoot = "";
			targets = (
				BF81299E1CECFEAC00A7F4DC /* SmartXMediaChallenge */,
			);
		};
/* End PBXProject section */

/* Begin PBXResourcesBuildPhase section */
		BF81299D1CECFEAC00A7F4DC /* Resources */ = {
			isa = PBXResourcesBuildPhase;
			buildActionMask = 2147483647;
			files = (
				BF8129B51CECFEAC00A7F4DC /* LaunchScreen.storyboard in Resources */,
				BF8129B21CECFEAC00A7F4DC /* Assets.xcassets in Resources */,
				BF8129AD1CECFEAC00A7F4DC /* Main.storyboard in Resources */,
			);
			runOnlyForDeploymentPostprocessing = 0;
		};
/* End PBXResourcesBuildPhase section */

/* Begin PBXSourcesBuildPhase section */
		BF81299B1CECFEAC00A7F4DC /* Sources */ = {
			isa = PBXSourcesBuildPhase;
			buildActionMask = 2147483647;
			files = (
				BF8129D71CEF92A900A7F4DC /* IASubTableViewController.m in Sources */,
				BF8129D11CEF71D400A7F4DC /* IACategoryTableViewController.m in Sources */,
				BF8129AA1CECFEAC00A7F4DC /* IAViewController.m in Sources */,
				BF8129BF1CED03B700A7F4DC /* IACategory.m in Sources */,
				BF8129D41CEF81B900A7F4DC /* IASubCategoryData.m in Sources */,
				BF8129C51CED054C00A7F4DC /* IASubSubCategory.m in Sources */,
				BF8129C21CED03ED00A7F4DC /* IASubCategory.m in Sources */,
				BF8129B01CECFEAC00A7F4DC /* SmartXMediaChallenge.xcdatamodeld in Sources */,
				BF8129CE1CEF5E8F00A7F4DC /* IACategoryData.m in Sources */,
				BF8129A71CECFEAC00A7F4DC /* IAAppDelegate.m in Sources */,
				BF8129CB1CEF4FDB00A7F4DC /* IADataManager.m in Sources */,
				BF8129A41CECFEAC00A7F4DC /* main.m in Sources */,
			);
			runOnlyForDeploymentPostprocessing = 0;
		};
/* End PBXSourcesBuildPhase section */

/* Begin PBXVariantGroup section */
		BF8129AB1CECFEAC00A7F4DC /* Main.storyboard */ = {
			isa = PBXVariantGroup;
			children = (
				BF8129AC1CECFEAC00A7F4DC /* Base */,
			);
			name = Main.storyboard;
			sourceTree = "<group>";
		};
		BF8129B31CECFEAC00A7F4DC /* LaunchScreen.storyboard */ = {
			isa = PBXVariantGroup;
			children = (
				BF8129B41CECFEAC00A7F4DC /* Base */,
			);
			name = LaunchScreen.storyboard;
			sourceTree = "<group>";
		};
/* End PBXVariantGroup section */

/* Begin XCBuildConfiguration section */
		BF8129B71CECFEAC00A7F4DC /* Debug */ = {
			isa = XCBuildConfiguration;
			buildSettings = {
				ALWAYS_SEARCH_USER_PATHS = NO;
				CLANG_CXX_LANGUAGE_STANDARD = "gnu++0x";
				CLANG_CXX_LIBRARY = "libc++";
				CLANG_ENABLE_MODULES = YES;
				CLANG_ENABLE_OBJC_ARC = YES;
				CLANG_WARN_BOOL_CONVERSION = YES;
				CLANG_WARN_CONSTANT_CONVERSION = YES;
				CLANG_WARN_DIRECT_OBJC_ISA_USAGE = YES_ERROR;
				CLANG_WARN_EMPTY_BODY = YES;
				CLANG_WARN_ENUM_CONVERSION = YES;
				CLANG_WARN_INT_CONVERSION = YES;
				CLANG_WARN_OBJC_ROOT_CLASS = YES_ERROR;
				CLANG_WARN_UNREACHABLE_CODE = YES;
				CLANG_WARN__DUPLICATE_METHOD_MATCH = YES;
				"CODE_SIGN_IDENTITY[sdk=iphoneos*]" = "iPhone Developer";
				COPY_PHASE_STRIP = NO;
				DEBUG_INFORMATION_FORMAT = dwarf;
				ENABLE_STRICT_OBJC_MSGSEND = YES;
				ENABLE_TESTABILITY = YES;
				GCC_C_LANGUAGE_STANDARD = gnu99;
				GCC_DYNAMIC_NO_PIC = NO;
				GCC_NO_COMMON_BLOCKS = YES;
				GCC_OPTIMIZATION_LEVEL = 0;
				GCC_PREPROCESSOR_DEFINITIONS = (
					"DEBUG=1",
					"$(inherited)",
				);
				GCC_WARN_64_TO_32_BIT_CONVERSION = YES;
				GCC_WARN_ABOUT_RETURN_TYPE = YES_ERROR;
				GCC_WARN_UNDECLARED_SELECTOR = YES;
				GCC_WARN_UNINITIALIZED_AUTOS = YES_AGGRESSIVE;
				GCC_WARN_UNUSED_FUNCTION = YES;
				GCC_WARN_UNUSED_VARIABLE = YES;
				IPHONEOS_DEPLOYMENT_TARGET = 9.2;
				MTL_ENABLE_DEBUG_INFO = YES;
				ONLY_ACTIVE_ARCH = YES;
				SDKROOT = iphoneos;
				TARGETED_DEVICE_FAMILY = "1,2";
			};
			name = Debug;
		};
		BF8129B81CECFEAC00A7F4DC /* Release */ = {
			isa = XCBuildConfiguration;
			buildSettings = {
				ALWAYS_SEARCH_USER_PATHS = NO;
				CLANG_CXX_LANGUAGE_STANDARD = "gnu++0x";
				CLANG_CXX_LIBRARY = "libc++";
				CLANG_ENABLE_MODULES = YES;
				CLANG_ENABLE_OBJC_ARC = YES;
				CLANG_WARN_BOOL_CONVERSION = YES;
				CLANG_WARN_CONSTANT_CONVERSION = YES;
				CLANG_WARN_DIRECT_OBJC_ISA_USAGE = YES_ERROR;
				CLANG_WARN_EMPTY_BODY = YES;
				CLANG_WARN_ENUM_CONVERSION = YES;
				CLANG_WARN_INT_CONVERSION = YES;
				CLANG_WARN_OBJC_ROOT_CLASS = YES_ERROR;
				CLANG_WARN_UNREACHABLE_CODE = YES;
				CLANG_WARN__DUPLICATE_METHOD_MATCH = YES;
				"CODE_SIGN_IDENTITY[sdk=iphoneos*]" = "iPhone Developer";
				COPY_PHASE_STRIP = NO;
				DEBUG_INFORMATION_FORMAT = "dwarf-with-dsym";
				ENABLE_NS_ASSERTIONS = NO;
				ENABLE_STRICT_OBJC_MSGSEND = YES;
				GCC_C_LANGUAGE_STANDARD = gnu99;
				GCC_NO_COMMON_BLOCKS = YES;
				GCC_WARN_64_TO_32_BIT_CONVERSION = YES;
				GCC_WARN_ABOUT_RETURN_TYPE = YES_ERROR;
				GCC_WARN_UNDECLARED_SELECTOR = YES;
				GCC_WARN_UNINITIALIZED_AUTOS = YES_AGGRESSIVE;
				GCC_WARN_UNUSED_FUNCTION = YES;
				GCC_WARN_UNUSED_VARIABLE = YES;
				IPHONEOS_DEPLOYMENT_TARGET = 9.2;
				MTL_ENABLE_DEBUG_INFO = NO;
				SDKROOT = iphoneos;
				TARGETED_DEVICE_FAMILY = "1,2";
				VALIDATE_PRODUCT = YES;
			};
			name = Release;
		};
		BF8129BA1CECFEAC00A7F4DC /* Debug */ = {
			isa = XCBuildConfiguration;
			buildSettings = {
				ASSETCATALOG_COMPILER_APPICON_NAME = AppIcon;
				INFOPLIST_FILE = SmartXMediaChallenge/Info.plist;
				LD_RUNPATH_SEARCH_PATHS = "$(inherited) @executable_path/Frameworks";
				PRODUCT_BUNDLE_IDENTIFIER = iliant.SmartXMediaChallenge;
				PRODUCT_NAME = "$(TARGET_NAME)";
			};
			name = Debug;
		};
		BF8129BB1CECFEAC00A7F4DC /* Release */ = {
			isa = XCBuildConfiguration;
			buildSettings = {
				ASSETCATALOG_COMPILER_APPICON_NAME = AppIcon;
				INFOPLIST_FILE = SmartXMediaChallenge/Info.plist;
				LD_RUNPATH_SEARCH_PATHS = "$(inherited) @executable_path/Frameworks";
				PRODUCT_BUNDLE_IDENTIFIER = iliant.SmartXMediaChallenge;
				PRODUCT_NAME = "$(TARGET_NAME)";
			};
			name = Release;
		};
/* End XCBuildConfiguration section */

/* Begin XCConfigurationList section */
		BF81299A1CECFEAC00A7F4DC /* Build configuration list for PBXProject "SmartXMediaChallenge" */ = {
			isa = XCConfigurationList;
			buildConfigurations = (
				BF8129B71CECFEAC00A7F4DC /* Debug */,
				BF8129B81CECFEAC00A7F4DC /* Release */,
			);
			defaultConfigurationIsVisible = 0;
			defaultConfigurationName = Release;
		};
		BF8129B91CECFEAC00A7F4DC /* Build configuration list for PBXNativeTarget "SmartXMediaChallenge" */ = {
			isa = XCConfigurationList;
			buildConfigurations = (
				BF8129BA1CECFEAC00A7F4DC /* Debug */,
				BF8129BB1CECFEAC00A7F4DC /* Release */,
			);
			defaultConfigurationIsVisible = 0;
			defaultConfigurationName = Release;
		};
/* End XCConfigurationList section */

/* Begin XCVersionGroup section */
		BF8129AE1CECFEAC00A7F4DC /* SmartXMediaChallenge.xcdatamodeld */ = {
			isa = XCVersionGroup;
			children = (
				BF8129AF1CECFEAC00A7F4DC /* SmartXMediaChallenge.xcdatamodel */,
			);
			currentVersion = BF8129AF1CECFEAC00A7F4DC /* SmartXMediaChallenge.xcdatamodel */;
			path = SmartXMediaChallenge.xcdatamodeld;
			sourceTree = "<group>";
			versionGroupType = wrapper.xcdatamodel;
		};
/* End XCVersionGroup section */
	};
	rootObject = BF8129971CECFEAC00A7F4DC /* Project object */;
}
